NeoBundleLock caw.vim 8a85fa8ff26ea60afd4bf9400cfc2263be127d51
NeoBundleLock ctrlp.vim 564176f01d7f3f7f8ab452ff4e1f5314de7b0981
NeoBundleLock emoji-vim 55ff55d7500d23918731a39d25f39d2133edc635
NeoBundleLock gist-vim 88c331e2e07765090112a396e5e119b39b5aa754
NeoBundleLock jedi-vim c94a143bfb18f59095963fcde4184a164fd1d1f0
NeoBundleLock lightline.vim 430ce2cb063b39a0c7950cafd617e333acb6759a
NeoBundleLock neobundle.vim 30c40ccbfc6371fb922eece6e0657eb5da9e479b
NeoBundleLock neocomplete 8d2a574c1708080ef1fac3336c99d2d9e1898fce
NeoBundleLock neosnippet 9492fbb7e9016243af3c1987b91f0bffcf4cc8e7
NeoBundleLock neosnippet-snippets 4d25b4352738ecf34e56701d0172d80daa3bd287
NeoBundleLock open-browser.vim e2bfabfc758351ee3087d4c697d1953660d943ee
NeoBundleLock perldoc-vim ef095a51f886f6fef50005c999c12f8de9bc4061
NeoBundleLock syntastic 88b66584b5c5bdc25bc941a0aae217d420747552
NeoBundleLock unite-boost-online-doc f8cbeaebf388f42ebfe962537f6f94e93d6847a5
NeoBundleLock unite-n3337 4ad716c6b42a6136f7dc92959b7ccf08874de9fb
NeoBundleLock unite-outline 1950ac514ba20409fd517c52a7102526ad8e16af
NeoBundleLock unite.vim 06b927532e1a92a948a011a07f4eb799bc8710ba
NeoBundleLock vim-fugitive c00ebd75ac23f4080c0d0bf9453b16304a3fb316
NeoBundleLock vim-go ecac6556a3d956e64f3c687677ac5b37a34442ed
NeoBundleLock vim-perl 4e75c3e3766da7294061f9bef6949e89087f821f
NeoBundleLock vim-pyenv bed0d8bc809096cfc6a1e649a4d57a1f375960ff
NeoBundleLock vim-quickrun 5149ecd1502b7fc2583cb8799ac1a0c72c41f828
NeoBundleLock vim-ref b45d10f6d0c82e3afd17774626e952fde03274a1
NeoBundleLock vim-scala a6a350f7c632d0e640b57f9dcc7e123409a7bcd7
NeoBundleLock vim-snowdrop b18cf5432c7c1e656a3f1e0f6bd1a77ac4a140e3
NeoBundleLock vim-submode d44a302b3ca97c8014c35c93893ca8fec0b95e4e
NeoBundleLock vimfiler b6fdab3b6633e597d77385422ff47a673ff6d25b
NeoBundleLock vimproc b2255c66a3dc04fba1adbda3e380facff45fe6ec
NeoBundleLock webapi-vim e3fa93f29a3a0754204002775e140d8a9acfd7fd
